
Microsoft Visual Studio Solution File, Format Version 12.00
# Visual Studio Version 17
VisualStudioVersion = 17.11.35312.102
MinimumVisualStudioVersion = 10.0.40219.1
Project("{FAE04EC0-301F-11D3-BF4B-00C04F79EFBC}") = "TenantApiReact.Server", "TenantApiReact.Server\TenantApiReact.Server.csproj", "{A1397079-50B5-4304-AC20-50525789D89C}"
EndProject
Project("{54A90642-561A-4BB1-A94E-469ADEE60C69}") = "tenantapireact.client", "tenantapireact.client\tenantapireact.client.esproj", "{721827F6-18C5-4231-810B-7FFFAA832CB8}"
EndProject
Global
	GlobalSection(SolutionConfigurationPlatforms) = preSolution
		Debug|Any CPU = Debug|Any CPU
		Release|Any CPU = Release|Any CPU
	EndGlobalSection
	GlobalSection(ProjectConfigurationPlatforms) = postSolution
		{A1397079-50B5-4304-AC20-50525789D89C}.Debug|Any CPU.ActiveCfg = Debug|Any CPU
		{A1397079-50B5-4304-AC20-50525789D89C}.Debug|Any CPU.Build.0 = Debug|Any CPU
		{A1397079-50B5-4304-AC20-50525789D89C}.Release|Any CPU.ActiveCfg = Release|Any CPU
		{A1397079-50B5-4304-AC20-50525789D89C}.Release|Any CPU.Build.0 = Release|Any CPU
		{721827F6-18C5-4231-810B-7FFFAA832CB8}.Debug|Any CPU.ActiveCfg = Debug|Any CPU
		{721827F6-18C5-4231-810B-7FFFAA832CB8}.Debug|Any CPU.Build.0 = Debug|Any CPU
		{721827F6-18C5-4231-810B-7FFFAA832CB8}.Debug|Any CPU.Deploy.0 = Debug|Any CPU
		{721827F6-18C5-4231-810B-7FFFAA832CB8}.Release|Any CPU.ActiveCfg = Release|Any CPU
		{721827F6-18C5-4231-810B-7FFFAA832CB8}.Release|Any CPU.Build.0 = Release|Any CPU
		{721827F6-18C5-4231-810B-7FFFAA832CB8}.Release|Any CPU.Deploy.0 = Release|Any CPU
	EndGlobalSection
	GlobalSection(SolutionProperties) = preSolution
		HideSolutionNode = FALSE
	EndGlobalSection
	GlobalSection(ExtensibilityGlobals) = postSolution
		SolutionGuid = {9FB58A51-37B5-41AA-9740-ED853A7251BC}
	EndGlobalSection
EndGlobal
